
Microsoft Visual Studio Solution File, Format Version 12.00
# Visual Studio 15
VisualStudioVersion = 15.0.26403.7
MinimumVisualStudioVersion = 10.0.40219.1
Project("{FAE04EC0-301F-11D3-BF4B-00C04F79EFBC}") = "SeleQuick Framework", "SeleQuick Framework\SeleQuick Framework.csproj", "{DACA7DC6-1973-4E3C-A908-5E91D415ADD5}"
EndProject
Project("{FAE04EC0-301F-11D3-BF4B-00C04F79EFBC}") = "Facebook", "Facebook\Facebook.csproj", "{D17C624B-050B-4550-981A-B1A02B11A760}"
EndProject
Global
	GlobalSection(SolutionConfigurationPlatforms) = preSolution
		Debug|Any CPU = Debug|Any CPU
		Release|Any CPU = Release|Any CPU
	EndGlobalSection
	GlobalSection(ProjectConfigurationPlatforms) = postSolution
		{DACA7DC6-1973-4E3C-A908-5E91D415ADD5}.Debug|Any CPU.ActiveCfg = Debug|Any CPU
		{DACA7DC6-1973-4E3C-A908-5E91D415ADD5}.Debug|Any CPU.Build.0 = Debug|Any CPU
		{DACA7DC6-1973-4E3C-A908-5E91D415ADD5}.Release|Any CPU.ActiveCfg = Release|Any CPU
		{DACA7DC6-1973-4E3C-A908-5E91D415ADD5}.Release|Any CPU.Build.0 = Release|Any CPU
		{D17C624B-050B-4550-981A-B1A02B11A760}.Debug|Any CPU.ActiveCfg = Debug|Any CPU
		{D17C624B-050B-4550-981A-B1A02B11A760}.Debug|Any CPU.Build.0 = Debug|Any CPU
		{D17C624B-050B-4550-981A-B1A02B11A760}.Release|Any CPU.ActiveCfg = Release|Any CPU
		{D17C624B-050B-4550-981A-B1A02B11A760}.Release|Any CPU.Build.0 = Release|Any CPU
	EndGlobalSection
	GlobalSection(SolutionProperties) = preSolution
		HideSolutionNode = FALSE
	EndGlobalSection
EndGlobal
